
Microsoft Visual Studio Solution File, Format Version 12.00
# Visual Studio Version 17
VisualStudioVersion = 17.14.37216.2 d17.14
MinimumVisualStudioVersion = 10.0.40219.1
Project("{2150E333-8FDC-42A3-9474-1A3956D46DE8}") = "Solution Items", "Solution Items", "{19274BB3-853D-4949-CEB4-D46A3A0A1AD1}"
	ProjectSection(SolutionItems) = preProject
		.editorconfig = .editorconfig
	EndProjectSection
EndProject
Project("{2150E333-8FDC-42A3-9474-1A3956D46DE8}") = "Tools", "Tools", "{DD376B17-49ED-E30C-D2E1-DDE33E96DA10}"
EndProject
Project("{8BC9CEB8-8B4A-11D0-8D11-00A0C91BC942}") = "GTEditor", "GTEditor\GTEditor.vcxproj", "{875952EC-7326-ADF7-9C3F-9B9F886BE285}"
EndProject
Project("{8BC9CEB8-8B4A-11D0-8D11-00A0C91BC942}") = "Test", "Test\Test.vcxproj", "{45DC8C7C-3113-8E0D-DAFF-7310C6150A0F}"
EndProject
Project("{2150E333-8FDC-42A3-9474-1A3956D46DE8}") = "Core", "Core", "{15A0C35D-0158-05AB-6A5F-DE065636A09B}"
EndProject
Project("{8BC9CEB8-8B4A-11D0-8D11-00A0C91BC942}") = "GT", "GT\GT.vcxproj", "{C0735900-ACFF-870B-15AE-880B0159880B}"
EndProject
Project("{FAE04EC0-301F-11D3-BF4B-00C04F79EFBC}") = "GTScriptCore", "GTScriptCore\GTScriptCore.csproj", "{BE21A9DF-AA84-3884-530A-713A3F4C0407}"
EndProject
Project("{2150E333-8FDC-42A3-9474-1A3956D46DE8}") = "Dependencies", "Dependencies", "{53E47842-3FC8-3998-A828-34EB942B241A}"
EndProject
Project("{8BC9CEB8-8B4A-11D0-8D11-00A0C91BC942}") = "Box2D", "GT\vendor\Box2D\Box2D.vcxproj", "{A434E80C-1049-10BE-D9CA-B31D459E0CEF}"
EndProject
Project("{8BC9CEB8-8B4A-11D0-8D11-00A0C91BC942}") = "ENTT", "GT\vendor\entt\ENTT.vcxproj", "{A03C847C-8C73-850D-3560-6B102176010F}"
EndProject
Project("{8BC9CEB8-8B4A-11D0-8D11-00A0C91BC942}") = "GLFW", "GT\vendor\GLFW\GLFW.vcxproj", "{154B857C-0182-860D-AA6E-6C109684020F}"
EndProject
Project("{8BC9CEB8-8B4A-11D0-8D11-00A0C91BC942}") = "Glad", "GT\vendor\Glad\Glad.vcxproj", "{BDD6857C-A90D-870D-52FA-6C103E10030F}"
EndProject
Project("{8BC9CEB8-8B4A-11D0-8D11-00A0C91BC942}") = "ImGui", "GT\vendor\ImGui\ImGui.vcxproj", "{C0FF640D-2C14-8DBE-F595-301E616989EF}"
EndProject
Project("{8BC9CEB8-8B4A-11D0-8D11-00A0C91BC942}") = "Premake", "vendor\premake\Premake.vcxproj", "{6ACC3F23-D6AB-BEBE-DFC3-49954B222520}"
EndProject
Project("{8BC9CEB8-8B4A-11D0-8D11-00A0C91BC942}") = "efsw", "GT\vendor\efsw\efsw.vcxproj", "{FA32967C-E669-970D-8F56-7D107B6C130F}"
EndProject
Project("{8BC9CEB8-8B4A-11D0-8D11-00A0C91BC942}") = "freetype", "GT\vendor\freetype\freetype.vcxproj", "{89895BD8-7556-B6E3-9E6F-A48B8A9BEB71}"
EndProject
Project("{8BC9CEB8-8B4A-11D0-8D11-00A0C91BC942}") = "gtest", "GT\vendor\googletest\gtest.vcxproj", "{EC34880F-5849-B0C0-21CB-53208D9EACF1}"
EndProject
Project("{8BC9CEB8-8B4A-11D0-8D11-00A0C91BC942}") = "json", "GT\vendor\json\json.vcxproj", "{9F27997C-8B5E-9A0D-344B-80102061160F}"
EndProject
Project("{8BC9CEB8-8B4A-11D0-8D11-00A0C91BC942}") = "yaml_cpp", "GT\vendor\yaml-cpp\yaml_cpp.vcxproj", "{7A5CBC57-6629-1763-8F42-050B7B6E4CF1}"
EndProject
Project("{FAE04EC0-301F-11D3-BF4B-00C04F79EFBC}") = "FirstProject", "GTEditor\projects\FirstProject\assets\scripts\FirstProject.csproj", "{C40DD8BC-B070-6761-59F6-9F17453833E4}"
EndProject
Global
	GlobalSection(SolutionConfigurationPlatforms) = preSolution
		Debug|x64 = Debug|x64
		Dist|x64 = Dist|x64
		Release|x64 = Release|x64
	EndGlobalSection
	GlobalSection(ProjectConfigurationPlatforms) = postSolution
		{875952EC-7326-ADF7-9C3F-9B9F886BE285}.Debug|x64.ActiveCfg = Debug|x64
		{875952EC-7326-ADF7-9C3F-9B9F886BE285}.Debug|x64.Build.0 = Debug|x64
		{875952EC-7326-ADF7-9C3F-9B9F886BE285}.Dist|x64.ActiveCfg = Dist|x64
		{875952EC-7326-ADF7-9C3F-9B9F886BE285}.Dist|x64.Build.0 = Dist|x64
		{875952EC-7326-ADF7-9C3F-9B9F886BE285}.Release|x64.ActiveCfg = Release|x64
		{875952EC-7326-ADF7-9C3F-9B9F886BE285}.Release|x64.Build.0 = Release|x64
		{45DC8C7C-3113-8E0D-DAFF-7310C6150A0F}.Debug|x64.ActiveCfg = Debug|x64
		{45DC8C7C-3113-8E0D-DAFF-7310C6150A0F}.Debug|x64.Build.0 = Debug|x64
		{45DC8C7C-3113-8E0D-DAFF-7310C6150A0F}.Dist|x64.ActiveCfg = Dist|x64
		{45DC8C7C-3113-8E0D-DAFF-7310C6150A0F}.Dist|x64.Build.0 = Dist|x64
		{45DC8C7C-3113-8E0D-DAFF-7310C6150A0F}.Release|x64.ActiveCfg = Release|x64
		{45DC8C7C-3113-8E0D-DAFF-7310C6150A0F}.Release|x64.Build.0 = Release|x64
		{C0735900-ACFF-870B-15AE-880B0159880B}.Debug|x64.ActiveCfg = Debug|x64
		{C0735900-ACFF-870B-15AE-880B0159880B}.Debug|x64.Build.0 = Debug|x64
		{C0735900-ACFF-870B-15AE-880B0159880B}.Dist|x64.ActiveCfg = Dist|x64
		{C0735900-ACFF-870B-15AE-880B0159880B}.Dist|x64.Build.0 = Dist|x64
		{C0735900-ACFF-870B-15AE-880B0159880B}.Release|x64.ActiveCfg = Release|x64
		{C0735900-ACFF-870B-15AE-880B0159880B}.Release|x64.Build.0 = Release|x64
		{BE21A9DF-AA84-3884-530A-713A3F4C0407}.Debug|x64.ActiveCfg = Debug|x64
		{BE21A9DF-AA84-3884-530A-713A3F4C0407}.Debug|x64.Build.0 = Debug|x64
		{BE21A9DF-AA84-3884-530A-713A3F4C0407}.Dist|x64.ActiveCfg = Dist|x64
		{BE21A9DF-AA84-3884-530A-713A3F4C0407}.Dist|x64.Build.0 = Dist|x64
		{BE21A9DF-AA84-3884-530A-713A3F4C0407}.Release|x64.ActiveCfg = Release|x64
		{BE21A9DF-AA84-3884-530A-713A3F4C0407}.Release|x64.Build.0 = Release|x64
		{A434E80C-1049-10BE-D9CA-B31D459E0CEF}.Debug|x64.ActiveCfg = Debug|x64
		{A434E80C-1049-10BE-D9CA-B31D459E0CEF}.Debug|x64.Build.0 = Debug|x64
		{A434E80C-1049-10BE-D9CA-B31D459E0CEF}.Dist|x64.ActiveCfg = Dist|x64
		{A434E80C-1049-10BE-D9CA-B31D459E0CEF}.Dist|x64.Build.0 = Dist|x64
		{A434E80C-1049-10BE-D9CA-B31D459E0CEF}.Release|x64.ActiveCfg = Release|x64
		{A434E80C-1049-10BE-D9CA-B31D459E0CEF}.Release|x64.Build.0 = Release|x64
		{A03C847C-8C73-850D-3560-6B102176010F}.Debug|x64.ActiveCfg = Debug|x64
		{A03C847C-8C73-850D-3560-6B102176010F}.Debug|x64.Build.0 = Debug|x64
		{A03C847C-8C73-850D-3560-6B102176010F}.Dist|x64.ActiveCfg = Dist|x64
		{A03C847C-8C73-850D-3560-6B102176010F}.Dist|x64.Build.0 = Dist|x64
		{A03C847C-8C73-850D-3560-6B102176010F}.Release|x64.ActiveCfg = Release|x64
		{A03C847C-8C73-850D-3560-6B102176010F}.Release|x64.Build.0 = Release|x64
		{154B857C-0182-860D-AA6E-6C109684020F}.Debug|x64.ActiveCfg = Debug|x64
		{154B857C-0182-860D-AA6E-6C109684020F}.Debug|x64.Build.0 = Debug|x64
		{154B857C-0182-860D-AA6E-6C109684020F}.Dist|x64.ActiveCfg = Dist|x64
		{154B857C-0182-860D-AA6E-6C109684020F}.Dist|x64.Build.0 = Dist|x64
		{154B857C-0182-860D-AA6E-6C109684020F}.Release|x64.ActiveCfg = Release|x64
		{154B857C-0182-860D-AA6E-6C109684020F}.Release|x64.Build.0 = Release|x64
		{BDD6857C-A90D-870D-52FA-6C103E10030F}.Debug|x64.ActiveCfg = Debug|x64
		{BDD6857C-A90D-870D-52FA-6C103E10030F}.Debug|x64.Build.0 = Debug|x64
		{BDD6857C-A90D-870D-52FA-6C103E10030F}.Dist|x64.ActiveCfg = Dist|x64
		{BDD6857C-A90D-870D-52FA-6C103E10030F}.Dist|x64.Build.0 = Dist|x64
		{BDD6857C-A90D-870D-52FA-6C103E10030F}.Release|x64.ActiveCfg = Release|x64
		{BDD6857C-A90D-870D-52FA-6C103E10030F}.Release|x64.Build.0 = Release|x64
		{C0FF640D-2C14-8DBE-F595-301E616989EF}.Debug|x64.ActiveCfg = Debug|x64
		{C0FF640D-2C14-8DBE-F595-301E616989EF}.Debug|x64.Build.0 = Debug|x64
		{C0FF640D-2C14-8DBE-F595-301E616989EF}.Dist|x64.ActiveCfg = Dist|x64
		{C0FF640D-2C14-8DBE-F595-301E616989EF}.Dist|x64.Build.0 = Dist|x64
		{C0FF640D-2C14-8DBE-F595-301E616989EF}.Release|x64.ActiveCfg = Release|x64
		{C0FF640D-2C14-8DBE-F595-301E616989EF}.Release|x64.Build.0 = Release|x64
		{6ACC3F23-D6AB-BEBE-DFC3-49954B222520}.Debug|x64.ActiveCfg = Debug|x64
		{6ACC3F23-D6AB-BEBE-DFC3-49954B222520}.Debug|x64.Build.0 = Debug|x64
		{6ACC3F23-D6AB-BEBE-DFC3-49954B222520}.Dist|x64.ActiveCfg = Dist|x64
		{6ACC3F23-D6AB-BEBE-DFC3-49954B222520}.Dist|x64.Build.0 = Dist|x64
		{6ACC3F23-D6AB-BEBE-DFC3-49954B222520}.Release|x64.ActiveCfg = Release|x64
		{6ACC3F23-D6AB-BEBE-DFC3-49954B222520}.Release|x64.Build.0 = Release|x64
		{FA32967C-E669-970D-8F56-7D107B6C130F}.Debug|x64.ActiveCfg = Debug|x64
		{FA32967C-E669-970D-8F56-7D107B6C130F}.Debug|x64.Build.0 = Debug|x64
		{FA32967C-E669-970D-8F56-7D107B6C130F}.Dist|x64.ActiveCfg = Dist|x64
		{FA32967C-E669-970D-8F56-7D107B6C130F}.Dist|x64.Build.0 = Dist|x64
		{FA32967C-E669-970D-8F56-7D107B6C130F}.Release|x64.ActiveCfg = Release|x64
		{FA32967C-E669-970D-8F56-7D107B6C130F}.Release|x64.Build.0 = Release|x64
		{89895BD8-7556-B6E3-9E6F-A48B8A9BEB71}.Debug|x64.ActiveCfg = Debug|x64
		{89895BD8-7556-B6E3-9E6F-A48B8A9BEB71}.Debug|x64.Build.0 = Debug|x64
		{89895BD8-7556-B6E3-9E6F-A48B8A9BEB71}.Dist|x64.ActiveCfg = Dist|x64
		{89895BD8-7556-B6E3-9E6F-A48B8A9BEB71}.Dist|x64.Build.0 = Dist|x64
		{89895BD8-7556-B6E3-9E6F-A48B8A9BEB71}.Release|x64.ActiveCfg = Release|x64
		{89895BD8-7556-B6E3-9E6F-A48B8A9BEB71}.Release|x64.Build.0 = Release|x64
		{EC34880F-5849-B0C0-21CB-53208D9EACF1}.Debug|x64.ActiveCfg = Debug|x64
		{EC34880F-5849-B0C0-21CB-53208D9EACF1}.Debug|x64.Build.0 = Debug|x64
		{EC34880F-5849-B0C0-21CB-53208D9EACF1}.Dist|x64.ActiveCfg = Dist|x64
		{EC34880F-5849-B0C0-21CB-53208D9EACF1}.Dist|x64.Build.0 = Dist|x64
		{EC34880F-5849-B0C0-21CB-53208D9EACF1}.Release|x64.ActiveCfg = Release|x64
		{EC34880F-5849-B0C0-21CB-53208D9EACF1}.Release|x64.Build.0 = Release|x64
		{9F27997C-8B5E-9A0D-344B-80102061160F}.Debug|x64.ActiveCfg = Debug|x64
		{9F27997C-8B5E-9A0D-344B-80102061160F}.Debug|x64.Build.0 = Debug|x64
		{9F27997C-8B5E-9A0D-344B-80102061160F}.Dist|x64.ActiveCfg = Dist|x64
		{9F27997C-8B5E-9A0D-344B-80102061160F}.Dist|x64.Build.0 = Dist|x64
		{9F27997C-8B5E-9A0D-344B-80102061160F}.Release|x64.ActiveCfg = Release|x64
		{9F27997C-8B5E-9A0D-344B-80102061160F}.Release|x64.Build.0 = Release|x64
		{7A5CBC57-6629-1763-8F42-050B7B6E4CF1}.Debug|x64.ActiveCfg = Debug|x64
		{7A5CBC57-6629-1763-8F42-050B7B6E4CF1}.Debug|x64.Build.0 = Debug|x64
		{7A5CBC57-6629-1763-8F42-050B7B6E4CF1}.Dist|x64.ActiveCfg = Dist|x64
		{7A5CBC57-6629-1763-8F42-050B7B6E4CF1}.Dist|x64.Build.0 = Dist|x64
		{7A5CBC57-6629-1763-8F42-050B7B6E4CF1}.Release|x64.ActiveCfg = Release|x64
		{7A5CBC57-6629-1763-8F42-050B7B6E4CF1}.Release|x64.Build.0 = Release|x64
		{C40DD8BC-B070-6761-59F6-9F17453833E4}.Debug|x64.ActiveCfg = Debug|x64
		{C40DD8BC-B070-6761-59F6-9F17453833E4}.Debug|x64.Build.0 = Debug|x64
		{C40DD8BC-B070-6761-59F6-9F17453833E4}.Dist|x64.ActiveCfg = Dist|x64
		{C40DD8BC-B070-6761-59F6-9F17453833E4}.Dist|x64.Build.0 = Dist|x64
		{C40DD8BC-B070-6761-59F6-9F17453833E4}.Release|x64.ActiveCfg = Release|x64
		{C40DD8BC-B070-6761-59F6-9F17453833E4}.Release|x64.Build.0 = Release|x64
	EndGlobalSection
	GlobalSection(SolutionProperties) = preSolution
		HideSolutionNode = FALSE
	EndGlobalSection
	GlobalSection(NestedProjects) = preSolution
		{875952EC-7326-ADF7-9C3F-9B9F886BE285} = {DD376B17-49ED-E30C-D2E1-DDE33E96DA10}
		{45DC8C7C-3113-8E0D-DAFF-7310C6150A0F} = {DD376B17-49ED-E30C-D2E1-DDE33E96DA10}
		{C0735900-ACFF-870B-15AE-880B0159880B} = {15A0C35D-0158-05AB-6A5F-DE065636A09B}
		{BE21A9DF-AA84-3884-530A-713A3F4C0407} = {15A0C35D-0158-05AB-6A5F-DE065636A09B}
		{A434E80C-1049-10BE-D9CA-B31D459E0CEF} = {53E47842-3FC8-3998-A828-34EB942B241A}
		{A03C847C-8C73-850D-3560-6B102176010F} = {53E47842-3FC8-3998-A828-34EB942B241A}
		{154B857C-0182-860D-AA6E-6C109684020F} = {53E47842-3FC8-3998-A828-34EB942B241A}
		{BDD6857C-A90D-870D-52FA-6C103E10030F} = {53E47842-3FC8-3998-A828-34EB942B241A}
		{C0FF640D-2C14-8DBE-F595-301E616989EF} = {53E47842-3FC8-3998-A828-34EB942B241A}
		{6ACC3F23-D6AB-BEBE-DFC3-49954B222520} = {53E47842-3FC8-3998-A828-34EB942B241A}
		{FA32967C-E669-970D-8F56-7D107B6C130F} = {53E47842-3FC8-3998-A828-34EB942B241A}
		{89895BD8-7556-B6E3-9E6F-A48B8A9BEB71} = {53E47842-3FC8-3998-A828-34EB942B241A}
		{EC34880F-5849-B0C0-21CB-53208D9EACF1} = {53E47842-3FC8-3998-A828-34EB942B241A}
		{9F27997C-8B5E-9A0D-344B-80102061160F} = {53E47842-3FC8-3998-A828-34EB942B241A}
		{7A5CBC57-6629-1763-8F42-050B7B6E4CF1} = {53E47842-3FC8-3998-A828-34EB942B241A}
	EndGlobalSection
EndGlobal
